
Microsoft Visual Studio Solution File, Format Version 12.00
# Visual Studio Version 16
VisualStudioVersion = 16.0.30114.105
MinimumVisualStudioVersion = 10.0.40219.1
Project("{9A19103F-16F7-4668-BE54-9A1E7A4F7556}") = "AW.Visual", "AW.Visual\AW.Visual.csproj", "{6DC06206-722F-4310-9E9A-9725BE0C085E}"
EndProject
Project("{9A19103F-16F7-4668-BE54-9A1E7A4F7556}") = "AW.VisualTests", "AW.VisualTests\AW.VisualTests.csproj", "{CCB8FA3C-1580-4969-8E11-D6FA22FFF748}"
EndProject
Project("{9A19103F-16F7-4668-BE54-9A1E7A4F7556}") = "AW.Base", "AW.Base\AW.Base.csproj", "{FF682E21-7E90-4961-89EE-CEF9D9BA1B68}"
EndProject
Project("{FAE04EC0-301F-11D3-BF4B-00C04F79EFBC}") = "AW.BaseTests", "AW.BaseTests\AW.BaseTests.csproj", "{0EDE2564-9CFD-4349-AD95-46D778833A1D}"
EndProject
Project("{2150E333-8FDC-42A3-9474-1A3956D46DE8}") = "Image", "Image", "{55A22D49-CB8F-4B2A-9744-834C3E7AE6DC}"
	ProjectSection(SolutionItems) = preProject
		..\..\..\Desktop\1.png = ..\..\..\Desktop\1.png
	EndProjectSection
EndProject
Global
	GlobalSection(SolutionConfigurationPlatforms) = preSolution
		Debug|Any CPU = Debug|Any CPU
		Release|Any CPU = Release|Any CPU
	EndGlobalSection
	GlobalSection(ProjectConfigurationPlatforms) = postSolution
		{6DC06206-722F-4310-9E9A-9725BE0C085E}.Debug|Any CPU.ActiveCfg = Debug|Any CPU
		{6DC06206-722F-4310-9E9A-9725BE0C085E}.Debug|Any CPU.Build.0 = Debug|Any CPU
		{6DC06206-722F-4310-9E9A-9725BE0C085E}.Release|Any CPU.ActiveCfg = Release|Any CPU
		{6DC06206-722F-4310-9E9A-9725BE0C085E}.Release|Any CPU.Build.0 = Release|Any CPU
		{CCB8FA3C-1580-4969-8E11-D6FA22FFF748}.Debug|Any CPU.ActiveCfg = Debug|Any CPU
		{CCB8FA3C-1580-4969-8E11-D6FA22FFF748}.Debug|Any CPU.Build.0 = Debug|Any CPU
		{CCB8FA3C-1580-4969-8E11-D6FA22FFF748}.Release|Any CPU.ActiveCfg = Release|Any CPU
		{CCB8FA3C-1580-4969-8E11-D6FA22FFF748}.Release|Any CPU.Build.0 = Release|Any CPU
		{FF682E21-7E90-4961-89EE-CEF9D9BA1B68}.Debug|Any CPU.ActiveCfg = Debug|Any CPU
		{FF682E21-7E90-4961-89EE-CEF9D9BA1B68}.Debug|Any CPU.Build.0 = Debug|Any CPU
		{FF682E21-7E90-4961-89EE-CEF9D9BA1B68}.Release|Any CPU.ActiveCfg = Release|Any CPU
		{FF682E21-7E90-4961-89EE-CEF9D9BA1B68}.Release|Any CPU.Build.0 = Release|Any CPU
		{0EDE2564-9CFD-4349-AD95-46D778833A1D}.Debug|Any CPU.ActiveCfg = Debug|Any CPU
		{0EDE2564-9CFD-4349-AD95-46D778833A1D}.Debug|Any CPU.Build.0 = Debug|Any CPU
		{0EDE2564-9CFD-4349-AD95-46D778833A1D}.Release|Any CPU.ActiveCfg = Release|Any CPU
		{0EDE2564-9CFD-4349-AD95-46D778833A1D}.Release|Any CPU.Build.0 = Release|Any CPU
	EndGlobalSection
	GlobalSection(SolutionProperties) = preSolution
		HideSolutionNode = FALSE
	EndGlobalSection
	GlobalSection(ExtensibilityGlobals) = postSolution
		SolutionGuid = {DB8CE367-0E36-4C2F-B19C-2FC124B45539}
	EndGlobalSection
EndGlobal
