
Microsoft Visual Studio Solution File, Format Version 12.00
# Visual Studio Version 16
VisualStudioVersion = 16.0.30114.105
MinimumVisualStudioVersion = 10.0.40219.1
Project("{FAE04EC0-301F-11D3-BF4B-00C04F79EFBC}") = "AW", "AW\AW.csproj", "{C1865783-E3E8-4A3D-B3AD-AEFA0B517428}"
EndProject
Project("{FAE04EC0-301F-11D3-BF4B-00C04F79EFBC}") = "AWTests", "AWTests\AWTests.csproj", "{70674A8F-3C06-4603-A1C0-0430E794D1F9}"
EndProject
Global
	GlobalSection(SolutionConfigurationPlatforms) = preSolution
		Debug|Any CPU = Debug|Any CPU
		Release|Any CPU = Release|Any CPU
	EndGlobalSection
	GlobalSection(ProjectConfigurationPlatforms) = postSolution
		{C1865783-E3E8-4A3D-B3AD-AEFA0B517428}.Debug|Any CPU.ActiveCfg = Debug|Any CPU
		{C1865783-E3E8-4A3D-B3AD-AEFA0B517428}.Debug|Any CPU.Build.0 = Debug|Any CPU
		{C1865783-E3E8-4A3D-B3AD-AEFA0B517428}.Release|Any CPU.ActiveCfg = Release|Any CPU
		{C1865783-E3E8-4A3D-B3AD-AEFA0B517428}.Release|Any CPU.Build.0 = Release|Any CPU
		{70674A8F-3C06-4603-A1C0-0430E794D1F9}.Debug|Any CPU.ActiveCfg = Debug|Any CPU
		{70674A8F-3C06-4603-A1C0-0430E794D1F9}.Debug|Any CPU.Build.0 = Debug|Any CPU
		{70674A8F-3C06-4603-A1C0-0430E794D1F9}.Release|Any CPU.ActiveCfg = Release|Any CPU
		{70674A8F-3C06-4603-A1C0-0430E794D1F9}.Release|Any CPU.Build.0 = Release|Any CPU
	EndGlobalSection
	GlobalSection(SolutionProperties) = preSolution
		HideSolutionNode = FALSE
	EndGlobalSection
	GlobalSection(ExtensibilityGlobals) = postSolution
		SolutionGuid = {DB8CE367-0E36-4C2F-B19C-2FC124B45539}
	EndGlobalSection
EndGlobal
